Microsoft Visual Studio Solution File, Format Version 12.00
# Visual Studio Version 16
VisualStudioVersion = 16.0.28729.10
MinimumVisualStudioVersion = 10.0.40219.1
Project("{2150E333-8FDC-42A3-9474-1A3956D46DE8}") = "Blog", "Blog", "{6C6AF858-8A2E-42B6-A050-F5D707A287F1}"
EndProject
Project("{2150E333-8FDC-42A3-9474-1A3956D46DE8}") = "Web", "Web", "{7E5CE0C5-7A78-46DF-8E45-1E4753496D20}"
EndProject
Project("{9A19103F-16F7-4668-BE54-9A1E7A4F7556}") = "MvcBlog", "blog\mvc\MvcBlog.csproj", "{795211DF-8B6E-414B-939B-6F5783CA9D4E}"
EndProject
Project("{9A19103F-16F7-4668-BE54-9A1E7A4F7556}") = "MvcWeb", "web\mvc\MvcWeb.csproj", "{6F973318-DB69-4EFB-BA0E-F9FBCE5AA60A}"
EndProject
Project("{2150E333-8FDC-42A3-9474-1A3956D46DE8}") = "Enterprise", "Enterprise", "{E79E4273-64E1-4AAD-83ED-DED9E29A0610}"
EndProject
Project("{9A19103F-16F7-4668-BE54-9A1E7A4F7556}") = "EnterpriseWeb.Web", "enterprise\mvc\EnterpriseWeb.Web\EnterpriseWeb.Web.csproj", "{9DBDE8B6-85B4-411C-B2C3-16B05EFF34C3}"
EndProject
Project("{9A19103F-16F7-4668-BE54-9A1E7A4F7556}") = "EnterpriseWeb.Data", "enterprise\mvc\EnterpriseWeb.Data\EnterpriseWeb.Data.csproj", "{7F14F4E5-840B-4712-BF5A-7D15560FF0DC}"
EndProject
Project("{2150E333-8FDC-42A3-9474-1A3956D46DE8}") = "Empty", "Empty", "{365B6528-3371-458D-BAC7-3C3A43F6E7BB}"
EndProject
Project("{FAE04EC0-301F-11D3-BF4B-00C04F79EFBC}") = "WebEmpty", "empty\web\WebEmpty.csproj", "{75764B1F-6002-4B1D-A3A3-AEE89C5CE0CA}"
EndProject
Project("{FAE04EC0-301F-11D3-BF4B-00C04F79EFBC}") = "RazorBlog", "blog\razor\RazorBlog.csproj", "{3DB2F11F-DB1D-4179-94A6-E0727E5CE66B}"
EndProject
Project("{2150E333-8FDC-42A3-9474-1A3956D46DE8}") = "src", "src", "{A2F2EA4F-A82D-406A-92A6-DC501B49867F}"
EndProject
Project("{FAE04EC0-301F-11D3-BF4B-00C04F79EFBC}") = "Empty", "src\empty\Empty.csproj", "{5DA07E46-A893-4D92-832B-55A35F56343E}"
EndProject
Global
	GlobalSection(SolutionConfigurationPlatforms) = preSolution
		Debug|Any CPU = Debug|Any CPU
		Release|Any CPU = Release|Any CPU
	EndGlobalSection
	GlobalSection(ProjectConfigurationPlatforms) = postSolution
		{795211DF-8B6E-414B-939B-6F5783CA9D4E}.Debug|Any CPU.ActiveCfg = Debug|Any CPU
		{795211DF-8B6E-414B-939B-6F5783CA9D4E}.Debug|Any CPU.Build.0 = Debug|Any CPU
		{795211DF-8B6E-414B-939B-6F5783CA9D4E}.Release|Any CPU.ActiveCfg = Release|Any CPU
		{795211DF-8B6E-414B-939B-6F5783CA9D4E}.Release|Any CPU.Build.0 = Release|Any CPU
		{6F973318-DB69-4EFB-BA0E-F9FBCE5AA60A}.Debug|Any CPU.ActiveCfg = Debug|Any CPU
		{6F973318-DB69-4EFB-BA0E-F9FBCE5AA60A}.Debug|Any CPU.Build.0 = Debug|Any CPU
		{6F973318-DB69-4EFB-BA0E-F9FBCE5AA60A}.Release|Any CPU.ActiveCfg = Release|Any CPU
		{6F973318-DB69-4EFB-BA0E-F9FBCE5AA60A}.Release|Any CPU.Build.0 = Release|Any CPU
		{9DBDE8B6-85B4-411C-B2C3-16B05EFF34C3}.Debug|Any CPU.ActiveCfg = Debug|Any CPU
		{9DBDE8B6-85B4-411C-B2C3-16B05EFF34C3}.Debug|Any CPU.Build.0 = Debug|Any CPU
		{9DBDE8B6-85B4-411C-B2C3-16B05EFF34C3}.Release|Any CPU.ActiveCfg = Release|Any CPU
		{9DBDE8B6-85B4-411C-B2C3-16B05EFF34C3}.Release|Any CPU.Build.0 = Release|Any CPU
		{7F14F4E5-840B-4712-BF5A-7D15560FF0DC}.Debug|Any CPU.ActiveCfg = Debug|Any CPU
		{7F14F4E5-840B-4712-BF5A-7D15560FF0DC}.Debug|Any CPU.Build.0 = Debug|Any CPU
		{7F14F4E5-840B-4712-BF5A-7D15560FF0DC}.Release|Any CPU.ActiveCfg = Release|Any CPU
		{7F14F4E5-840B-4712-BF5A-7D15560FF0DC}.Release|Any CPU.Build.0 = Release|Any CPU
		{75764B1F-6002-4B1D-A3A3-AEE89C5CE0CA}.Debug|Any CPU.ActiveCfg = Debug|Any CPU
		{75764B1F-6002-4B1D-A3A3-AEE89C5CE0CA}.Debug|Any CPU.Build.0 = Debug|Any CPU
		{75764B1F-6002-4B1D-A3A3-AEE89C5CE0CA}.Release|Any CPU.ActiveCfg = Release|Any CPU
		{75764B1F-6002-4B1D-A3A3-AEE89C5CE0CA}.Release|Any CPU.Build.0 = Release|Any CPU
		{3DB2F11F-DB1D-4179-94A6-E0727E5CE66B}.Debug|Any CPU.ActiveCfg = Debug|Any CPU
		{3DB2F11F-DB1D-4179-94A6-E0727E5CE66B}.Debug|Any CPU.Build.0 = Debug|Any CPU
		{3DB2F11F-DB1D-4179-94A6-E0727E5CE66B}.Release|Any CPU.ActiveCfg = Release|Any CPU
		{3DB2F11F-DB1D-4179-94A6-E0727E5CE66B}.Release|Any CPU.Build.0 = Release|Any CPU
		{5DA07E46-A893-4D92-832B-55A35F56343E}.Debug|Any CPU.ActiveCfg = Debug|Any CPU
		{5DA07E46-A893-4D92-832B-55A35F56343E}.Debug|Any CPU.Build.0 = Debug|Any CPU
		{5DA07E46-A893-4D92-832B-55A35F56343E}.Release|Any CPU.ActiveCfg = Release|Any CPU
		{5DA07E46-A893-4D92-832B-55A35F56343E}.Release|Any CPU.Build.0 = Release|Any CPU
	EndGlobalSection
	GlobalSection(SolutionProperties) = preSolution
		HideSolutionNode = FALSE
	EndGlobalSection
	GlobalSection(NestedProjects) = preSolution
		{795211DF-8B6E-414B-939B-6F5783CA9D4E} = {6C6AF858-8A2E-42B6-A050-F5D707A287F1}
		{6F973318-DB69-4EFB-BA0E-F9FBCE5AA60A} = {7E5CE0C5-7A78-46DF-8E45-1E4753496D20}
		{9DBDE8B6-85B4-411C-B2C3-16B05EFF34C3} = {E79E4273-64E1-4AAD-83ED-DED9E29A0610}
		{7F14F4E5-840B-4712-BF5A-7D15560FF0DC} = {E79E4273-64E1-4AAD-83ED-DED9E29A0610}
		{75764B1F-6002-4B1D-A3A3-AEE89C5CE0CA} = {365B6528-3371-458D-BAC7-3C3A43F6E7BB}
		{3DB2F11F-DB1D-4179-94A6-E0727E5CE66B} = {6C6AF858-8A2E-42B6-A050-F5D707A287F1}
		{5DA07E46-A893-4D92-832B-55A35F56343E} = {A2F2EA4F-A82D-406A-92A6-DC501B49867F}
	EndGlobalSection
	GlobalSection(ExtensibilityGlobals) = postSolution
		SolutionGuid = {71FDC6CF-2B24-4FDA-BDB9-B81541017576}
	EndGlobalSection
EndGlobal
