
Microsoft Visual Studio Solution File, Format Version 12.00
# Visual Studio Version 16
VisualStudioVersion = 16.0.28621.142
MinimumVisualStudioVersion = 10.0.40219.1
Project("{9A19103F-16F7-4668-BE54-9A1E7A4F7556}") = "EnterpriseWeb.Web", "EnterpriseWeb.Web\EnterpriseWeb.Web.csproj", "{94C6EC27-CC06-4381-A0A8-F14B9F4CA167}"
EndProject
Project("{9A19103F-16F7-4668-BE54-9A1E7A4F7556}") = "EnterpriseWeb.Data", "EnterpriseWeb.Data\EnterpriseWeb.Data.csproj", "{71AA4323-6563-4C7E-BB69-986E943AB0AC}"
EndProject
Global
	GlobalSection(SolutionConfigurationPlatforms) = preSolution
		Debug|Any CPU = Debug|Any CPU
		Release|Any CPU = Release|Any CPU
	EndGlobalSection
	GlobalSection(ProjectConfigurationPlatforms) = postSolution
		{94C6EC27-CC06-4381-A0A8-F14B9F4CA167}.Debug|Any CPU.ActiveCfg = Debug|Any CPU
		{94C6EC27-CC06-4381-A0A8-F14B9F4CA167}.Debug|Any CPU.Build.0 = Debug|Any CPU
		{94C6EC27-CC06-4381-A0A8-F14B9F4CA167}.Release|Any CPU.ActiveCfg = Release|Any CPU
		{94C6EC27-CC06-4381-A0A8-F14B9F4CA167}.Release|Any CPU.Build.0 = Release|Any CPU
		{71AA4323-6563-4C7E-BB69-986E943AB0AC}.Debug|Any CPU.ActiveCfg = Debug|Any CPU
		{71AA4323-6563-4C7E-BB69-986E943AB0AC}.Debug|Any CPU.Build.0 = Debug|Any CPU
		{71AA4323-6563-4C7E-BB69-986E943AB0AC}.Release|Any CPU.ActiveCfg = Release|Any CPU
		{71AA4323-6563-4C7E-BB69-986E943AB0AC}.Release|Any CPU.Build.0 = Release|Any CPU
	EndGlobalSection
	GlobalSection(SolutionProperties) = preSolution
		HideSolutionNode = FALSE
	EndGlobalSection
	GlobalSection(ExtensibilityGlobals) = postSolution
		SolutionGuid = {67C5D3BB-5EF3-4650-821A-5545D665B276}
	EndGlobalSection
EndGlobal
